Microsoft Visual Studio Solution File, Format Version 12.00
# Visual Studio Version 16
VisualStudioVersion = 16.0.31410.357
MinimumVisualStudioVersion = 10.0.40219.1
Project("{9A19103F-16F7-4668-BE54-9A1E7A4F7556}") = "Avanade.SubTCSE.Projeto.Api", "Avanade.SubTCSE.Projeto.Api\Avanade.SubTCSE.Projeto.Api.csproj", "{A1D21F71-D6FC-4295-B4EE-56093D890C77}"
EndProject
Project("{2150E333-8FDC-42A3-9474-1A3956D46DE8}") = "0-AppService", "0-AppService", "{D43CA5B6-1AF0-4EF3-86C4-F8EA8B3E9AED}"
EndProject
Project("{2150E333-8FDC-42A3-9474-1A3956D46DE8}") = "1-Application", "1-Application", "{87154D01-4700-4800-9ECD-2F559E2675EF}"
EndProject
Project("{2150E333-8FDC-42A3-9474-1A3956D46DE8}") = "2-Domain", "2-Domain", "{E62D50E6-6AE7-4E30-A64A-54584ECF141F}"
EndProject
Project("{2150E333-8FDC-42A3-9474-1A3956D46DE8}") = "3-Infra", "3-Infra", "{6605A700-F0D1-431C-A4DC-418228FBBF10}"
EndProject
Project("{2150E333-8FDC-42A3-9474-1A3956D46DE8}") = "3.1-CrossCutting", "3.1-CrossCutting", "{56C8F1DF-B19E-4B68-A0CE-30F3FB433AEC}"
EndProject
Project("{2150E333-8FDC-42A3-9474-1A3956D46DE8}") = "3.2-Data", "3.2-Data", "{148288DC-5A3D-4CCA-99DC-89996436E5B8}"
EndProject
Project("{9A19103F-16F7-4668-BE54-9A1E7A4F7556}") = "Avanade.SubTCSE.Projeto.Domain", "Avanade.SubTCSE.Projeto.Domain\Avanade.SubTCSE.Projeto.Domain.csproj", "{38E18B27-22E7-40AB-A833-9EB4E2611E62}"
EndProject
Project("{9A19103F-16F7-4668-BE54-9A1E7A4F7556}") = "Avanade.SubTCSE.Projeto.Infra.CrossCutting", "Avanade.SubTCSE.Projeto.Infra.CrossCutting\Avanade.SubTCSE.Projeto.Infra.CrossCutting.csproj", "{2AECD088-3CDC-4123-981D-446EAF1FFC37}"
EndProject
Project("{9A19103F-16F7-4668-BE54-9A1E7A4F7556}") = "Avanade.SubTCSE.Projeto.Infra.Data", "Avanade.SubTCSE.Projeto.Infra.Data\Avanade.SubTCSE.Projeto.Infra.Data.csproj", "{8357A70F-0D8C-446A-BA04-CC576BD9F8B9}"
EndProject
Project("{9A19103F-16F7-4668-BE54-9A1E7A4F7556}") = "Avanade.SubTCSE.Projeto.Application", "Avanade.SubTCSE.Projeto.Application\Avanade.SubTCSE.Projeto.Application.csproj", "{05ECF6DA-C89A-4925-95B0-E2CD93AEF260}"
EndProject
Project("{2150E333-8FDC-42A3-9474-1A3956D46DE8}") = "4-Test", "4-Test", "{729D4585-41A4-4CD5-885C-C288BC502E22}"
EndProject
Global
	GlobalSection(SolutionConfigurationPlatforms) = preSolution
		Debug|Any CPU = Debug|Any CPU
		Release|Any CPU = Release|Any CPU
	EndGlobalSection
	GlobalSection(ProjectConfigurationPlatforms) = postSolution
		{A1D21F71-D6FC-4295-B4EE-56093D890C77}.Debug|Any CPU.ActiveCfg = Debug|Any CPU
		{A1D21F71-D6FC-4295-B4EE-56093D890C77}.Debug|Any CPU.Build.0 = Debug|Any CPU
		{A1D21F71-D6FC-4295-B4EE-56093D890C77}.Release|Any CPU.ActiveCfg = Release|Any CPU
		{A1D21F71-D6FC-4295-B4EE-56093D890C77}.Release|Any CPU.Build.0 = Release|Any CPU
		{38E18B27-22E7-40AB-A833-9EB4E2611E62}.Debug|Any CPU.ActiveCfg = Debug|Any CPU
		{38E18B27-22E7-40AB-A833-9EB4E2611E62}.Debug|Any CPU.Build.0 = Debug|Any CPU
		{38E18B27-22E7-40AB-A833-9EB4E2611E62}.Release|Any CPU.ActiveCfg = Release|Any CPU
		{38E18B27-22E7-40AB-A833-9EB4E2611E62}.Release|Any CPU.Build.0 = Release|Any CPU
		{2AECD088-3CDC-4123-981D-446EAF1FFC37}.Debug|Any CPU.ActiveCfg = Debug|Any CPU
		{2AECD088-3CDC-4123-981D-446EAF1FFC37}.Debug|Any CPU.Build.0 = Debug|Any CPU
		{2AECD088-3CDC-4123-981D-446EAF1FFC37}.Release|Any CPU.ActiveCfg = Release|Any CPU
		{2AECD088-3CDC-4123-981D-446EAF1FFC37}.Release|Any CPU.Build.0 = Release|Any CPU
		{8357A70F-0D8C-446A-BA04-CC576BD9F8B9}.Debug|Any CPU.ActiveCfg = Debug|Any CPU
		{8357A70F-0D8C-446A-BA04-CC576BD9F8B9}.Debug|Any CPU.Build.0 = Debug|Any CPU
		{8357A70F-0D8C-446A-BA04-CC576BD9F8B9}.Release|Any CPU.ActiveCfg = Release|Any CPU
		{8357A70F-0D8C-446A-BA04-CC576BD9F8B9}.Release|Any CPU.Build.0 = Release|Any CPU
		{05ECF6DA-C89A-4925-95B0-E2CD93AEF260}.Debug|Any CPU.ActiveCfg = Debug|Any CPU
		{05ECF6DA-C89A-4925-95B0-E2CD93AEF260}.Debug|Any CPU.Build.0 = Debug|Any CPU
		{05ECF6DA-C89A-4925-95B0-E2CD93AEF260}.Release|Any CPU.ActiveCfg = Release|Any CPU
		{05ECF6DA-C89A-4925-95B0-E2CD93AEF260}.Release|Any CPU.Build.0 = Release|Any CPU
	EndGlobalSection
	GlobalSection(SolutionProperties) = preSolution
		HideSolutionNode = FALSE
	EndGlobalSection
	GlobalSection(NestedProjects) = preSolution
		{A1D21F71-D6FC-4295-B4EE-56093D890C77} = {D43CA5B6-1AF0-4EF3-86C4-F8EA8B3E9AED}
		{56C8F1DF-B19E-4B68-A0CE-30F3FB433AEC} = {6605A700-F0D1-431C-A4DC-418228FBBF10}
		{148288DC-5A3D-4CCA-99DC-89996436E5B8} = {6605A700-F0D1-431C-A4DC-418228FBBF10}
		{38E18B27-22E7-40AB-A833-9EB4E2611E62} = {E62D50E6-6AE7-4E30-A64A-54584ECF141F}
		{2AECD088-3CDC-4123-981D-446EAF1FFC37} = {56C8F1DF-B19E-4B68-A0CE-30F3FB433AEC}
		{8357A70F-0D8C-446A-BA04-CC576BD9F8B9} = {148288DC-5A3D-4CCA-99DC-89996436E5B8}
		{05ECF6DA-C89A-4925-95B0-E2CD93AEF260} = {87154D01-4700-4800-9ECD-2F559E2675EF}
	EndGlobalSection
	GlobalSection(ExtensibilityGlobals) = postSolution
		SolutionGuid = {F9DACFC6-26AF-4DD6-B6DC-DD3C9149CB2C}
	EndGlobalSection
EndGlobal
